
Microsoft Visual Studio Solution File, Format Version 12.00
# Visual Studio Version 17
VisualStudioVersion = 17.14.36717.8
MinimumVisualStudioVersion = 10.0.40219.1
Project("{2150E333-8FDC-42A3-9474-1A3956D46DE8}") = "API", "API", "{02EA681E-C7D8-13C7-8484-4AC65E1B71E8}"
EndProject
Project("{2150E333-8FDC-42A3-9474-1A3956D46DE8}") = "Core", "Core", "{B5A79890-6921-4CA6-90F3-A6403AF22A87}"
EndProject
Project("{2150E333-8FDC-42A3-9474-1A3956D46DE8}") = "Infrastructure", "Infrastructure", "{5C97D654-D454-4A2D-BF19-B402338D99AC}"
EndProject
Project("{2150E333-8FDC-42A3-9474-1A3956D46DE8}") = "Tests", "Tests", "{D8F0E77D-297D-446A-BB2D-A7065B465DCC}"
EndProject
Project("{FAE04EC0-301F-11D3-BF4B-00C04F79EFBC}") = "Surgery.Domain", "Doctor.Domain\Surgery.Domain.csproj", "{F3C17569-4890-4AC2-872E-D0456DA53470}"
EndProject
Project("{FAE04EC0-301F-11D3-BF4B-00C04F79EFBC}") = "DoctorMgs.Test", "DoctorMgs.Test\DoctorMgs.Test.csproj", "{E6C48516-E7DB-4D00-86F4-C5D2F412E91F}"
EndProject
Global
	GlobalSection(SolutionConfigurationPlatforms) = preSolution
		Debug|Any CPU = Debug|Any CPU
		Release|Any CPU = Release|Any CPU
	EndGlobalSection
	GlobalSection(ProjectConfigurationPlatforms) = postSolution
		{F3C17569-4890-4AC2-872E-D0456DA53470}.Debug|Any CPU.ActiveCfg = Debug|Any CPU
		{F3C17569-4890-4AC2-872E-D0456DA53470}.Debug|Any CPU.Build.0 = Debug|Any CPU
		{F3C17569-4890-4AC2-872E-D0456DA53470}.Release|Any CPU.ActiveCfg = Release|Any CPU
		{F3C17569-4890-4AC2-872E-D0456DA53470}.Release|Any CPU.Build.0 = Release|Any CPU
		{E6C48516-E7DB-4D00-86F4-C5D2F412E91F}.Debug|Any CPU.ActiveCfg = Debug|Any CPU
		{E6C48516-E7DB-4D00-86F4-C5D2F412E91F}.Debug|Any CPU.Build.0 = Debug|Any CPU
		{E6C48516-E7DB-4D00-86F4-C5D2F412E91F}.Release|Any CPU.ActiveCfg = Release|Any CPU
		{E6C48516-E7DB-4D00-86F4-C5D2F412E91F}.Release|Any CPU.Build.0 = Release|Any CPU
	EndGlobalSection
	GlobalSection(SolutionProperties) = preSolution
		HideSolutionNode = FALSE
	EndGlobalSection
	GlobalSection(NestedProjects) = preSolution
		{F3C17569-4890-4AC2-872E-D0456DA53470} = {B5A79890-6921-4CA6-90F3-A6403AF22A87}
		{E6C48516-E7DB-4D00-86F4-C5D2F412E91F} = {D8F0E77D-297D-446A-BB2D-A7065B465DCC}
	EndGlobalSection
	GlobalSection(ExtensibilityGlobals) = postSolution
		SolutionGuid = {0F6C772D-CC22-4281-BD9F-6281946FF243}
	EndGlobalSection
EndGlobal
